
Microsoft Visual Studio Solution File, Format Version 12.00
# Visual Studio Version 16
VisualStudioVersion = 16.0.30011.22
MinimumVisualStudioVersion = 10.0.40219.1
Project("{FAE04EC0-301F-11D3-BF4B-00C04F79EFBC}") = "oap7", "oap7\oap7.csproj", "{C1F5C05F-E172-4023-9669-089825962062}"
EndProject
Project("{FAE04EC0-301F-11D3-BF4B-00C04F79EFBC}") = "oap7Test", "oap7Test\oap7Test.csproj", "{DCBDF4D0-9445-4E36-B5AB-DF75C599F38E}"
EndProject
Global
	GlobalSection(SolutionConfigurationPlatforms) = preSolution
		Debug|Any CPU = Debug|Any CPU
		Release|Any CPU = Release|Any CPU
	EndGlobalSection
	GlobalSection(ProjectConfigurationPlatforms) = postSolution
		{C1F5C05F-E172-4023-9669-089825962062}.Debug|Any CPU.ActiveCfg = Debug|Any CPU
		{C1F5C05F-E172-4023-9669-089825962062}.Debug|Any CPU.Build.0 = Debug|Any CPU
		{C1F5C05F-E172-4023-9669-089825962062}.Release|Any CPU.ActiveCfg = Release|Any CPU
		{C1F5C05F-E172-4023-9669-089825962062}.Release|Any CPU.Build.0 = Release|Any CPU
		{DCBDF4D0-9445-4E36-B5AB-DF75C599F38E}.Debug|Any CPU.ActiveCfg = Debug|Any CPU
		{DCBDF4D0-9445-4E36-B5AB-DF75C599F38E}.Debug|Any CPU.Build.0 = Debug|Any CPU
		{DCBDF4D0-9445-4E36-B5AB-DF75C599F38E}.Release|Any CPU.ActiveCfg = Release|Any CPU
		{DCBDF4D0-9445-4E36-B5AB-DF75C599F38E}.Release|Any CPU.Build.0 = Release|Any CPU
	EndGlobalSection
	GlobalSection(SolutionProperties) = preSolution
		HideSolutionNode = FALSE
	EndGlobalSection
	GlobalSection(ExtensibilityGlobals) = postSolution
		SolutionGuid = {5F5006B3-4CDB-4300-A59C-5AF5D7E2D7D9}
	EndGlobalSection
EndGlobal
