
Microsoft Visual Studio Solution File, Format Version 12.00
# Visual Studio Version 16
VisualStudioVersion = 16.0.30011.22
MinimumVisualStudioVersion = 10.0.40219.1
Project("{FAE04EC0-301F-11D3-BF4B-00C04F79EFBC}") = "opa6", "opa6\opa6.csproj", "{F72B4AC7-712A-4421-A9A8-106E36590F1A}"
EndProject
Project("{FAE04EC0-301F-11D3-BF4B-00C04F79EFBC}") = "oap6Test", "oap6Test\oap6Test.csproj", "{D360A69D-ECCC-46F8-A2BF-34B453DD0DD5}"
EndProject
Global
	GlobalSection(SolutionConfigurationPlatforms) = preSolution
		Debug|Any CPU = Debug|Any CPU
		Release|Any CPU = Release|Any CPU
	EndGlobalSection
	GlobalSection(ProjectConfigurationPlatforms) = postSolution
		{F72B4AC7-712A-4421-A9A8-106E36590F1A}.Debug|Any CPU.ActiveCfg = Debug|Any CPU
		{F72B4AC7-712A-4421-A9A8-106E36590F1A}.Debug|Any CPU.Build.0 = Debug|Any CPU
		{F72B4AC7-712A-4421-A9A8-106E36590F1A}.Release|Any CPU.ActiveCfg = Release|Any CPU
		{F72B4AC7-712A-4421-A9A8-106E36590F1A}.Release|Any CPU.Build.0 = Release|Any CPU
		{D360A69D-ECCC-46F8-A2BF-34B453DD0DD5}.Debug|Any CPU.ActiveCfg = Debug|Any CPU
		{D360A69D-ECCC-46F8-A2BF-34B453DD0DD5}.Debug|Any CPU.Build.0 = Debug|Any CPU
		{D360A69D-ECCC-46F8-A2BF-34B453DD0DD5}.Release|Any CPU.ActiveCfg = Release|Any CPU
		{D360A69D-ECCC-46F8-A2BF-34B453DD0DD5}.Release|Any CPU.Build.0 = Release|Any CPU
	EndGlobalSection
	GlobalSection(SolutionProperties) = preSolution
		HideSolutionNode = FALSE
	EndGlobalSection
	GlobalSection(ExtensibilityGlobals) = postSolution
		SolutionGuid = {22480F9B-0FB4-4348-B64C-CBACCF0FDEF9}
	EndGlobalSection
EndGlobal
